PODS:
  - AudioKit (4.10.1):
    - AudioKit/Core (= 4.10.1)
    - AudioKit/UI (= 4.10.1)
  - AudioKit/Core (4.10.1)
  - AudioKit/UI (4.10.1):
    - AudioKit/Core

DEPENDENCIES:
  - AudioKit

SPEC REPOS:
  trunk:
    - AudioKit

SPEC CHECKSUMS:
  AudioKit: b8e508a0af3dc7d53caf0ca1002b187a662f949e

PODFILE CHECKSUM: f35e56e10dae4bc1c36c4689f3b4816333716709

COCOAPODS: 1.9.3
